
Microsoft Visual Studio Solution File, Format Version 12.00
# Visual Studio Version 17
VisualStudioVersion = 17.7.34024.191
MinimumVisualStudioVersion = 10.0.40219.1
Project("{8BC9CEB8-8B4A-11D0-8D11-00A0C91BC942}") = "2nd test addition", "2nd test addition\2nd test addition.vcxproj", "{79A7B16E-7C1C-4FC0-B6D7-8D6DA4BC0433}"
EndProject
Global
	GlobalSection(SolutionConfigurationPlatforms) = preSolution
		Debug|x64 = Debug|x64
		Debug|x86 = Debug|x86
		Release|x64 = Release|x64
		Release|x86 = Release|x86
	EndGlobalSection
	GlobalSection(ProjectConfigurationPlatforms) = postSolution
		{79A7B16E-7C1C-4FC0-B6D7-8D6DA4BC0433}.Debug|x64.ActiveCfg = Debug|x64
		{79A7B16E-7C1C-4FC0-B6D7-8D6DA4BC0433}.Debug|x64.Build.0 = Debug|x64
		{79A7B16E-7C1C-4FC0-B6D7-8D6DA4BC0433}.Debug|x86.ActiveCfg = Debug|Win32
		{79A7B16E-7C1C-4FC0-B6D7-8D6DA4BC0433}.Debug|x86.Build.0 = Debug|Win32
		{79A7B16E-7C1C-4FC0-B6D7-8D6DA4BC0433}.Release|x64.ActiveCfg = Release|x64
		{79A7B16E-7C1C-4FC0-B6D7-8D6DA4BC0433}.Release|x64.Build.0 = Release|x64
		{79A7B16E-7C1C-4FC0-B6D7-8D6DA4BC0433}.Release|x86.ActiveCfg = Release|Win32
		{79A7B16E-7C1C-4FC0-B6D7-8D6DA4BC0433}.Release|x86.Build.0 = Release|Win32
	EndGlobalSection
	GlobalSection(SolutionProperties) = preSolution
		HideSolutionNode = FALSE
	EndGlobalSection
	GlobalSection(ExtensibilityGlobals) = postSolution
		SolutionGuid = {550B232C-6DD4-4443-BE79-7458778E0139}
	EndGlobalSection
EndGlobal
