
Microsoft Visual Studio Solution File, Format Version 12.00
# Visual Studio Version 17
VisualStudioVersion = 17.7.34024.191
MinimumVisualStudioVersion = 10.0.40219.1
Project("{8BC9CEB8-8B4A-11D0-8D11-00A0C91BC942}") = "Task1", "Task1\Task1.vcxproj", "{C6FDBC2A-6657-4BEE-ACA1-0BB0B71DC466}"
EndProject
Project("{8BC9CEB8-8B4A-11D0-8D11-00A0C91BC942}") = "Task2", "Task2\Task2.vcxproj", "{8825AB7E-91A1-4027-90F2-FAE2CD254717}"
EndProject
Project("{8BC9CEB8-8B4A-11D0-8D11-00A0C91BC942}") = "Task3", "Task3\Task3.vcxproj", "{2B54AF4D-4E6A-4F77-A084-39D05343A090}"
EndProject
Project("{8BC9CEB8-8B4A-11D0-8D11-00A0C91BC942}") = "Task4", "Task4\Task4.vcxproj", "{74DCBBB7-F857-4FF5-B669-8AC90D774FF4}"
EndProject
Project("{8BC9CEB8-8B4A-11D0-8D11-00A0C91BC942}") = "Task5", "Task5\Task5.vcxproj", "{D24B2F5C-333F-4548-985A-317537391620}"
EndProject
Project("{8BC9CEB8-8B4A-11D0-8D11-00A0C91BC942}") = "Task6", "Task6\Task6.vcxproj", "{8818D91E-40D3-4AEA-B3EC-7491B1C93266}"
EndProject
Project("{8BC9CEB8-8B4A-11D0-8D11-00A0C91BC942}") = "Task7", "Task7\Task7.vcxproj", "{7B430CEA-7178-4678-90E7-FBA85E3B7102}"
EndProject
Global
	GlobalSection(SolutionConfigurationPlatforms) = preSolution
		Debug|x64 = Debug|x64
		Debug|x86 = Debug|x86
		Release|x64 = Release|x64
		Release|x86 = Release|x86
	EndGlobalSection
	GlobalSection(ProjectConfigurationPlatforms) = postSolution
		{C6FDBC2A-6657-4BEE-ACA1-0BB0B71DC466}.Debug|x64.ActiveCfg = Debug|x64
		{C6FDBC2A-6657-4BEE-ACA1-0BB0B71DC466}.Debug|x64.Build.0 = Debug|x64
		{C6FDBC2A-6657-4BEE-ACA1-0BB0B71DC466}.Debug|x86.ActiveCfg = Debug|Win32
		{C6FDBC2A-6657-4BEE-ACA1-0BB0B71DC466}.Debug|x86.Build.0 = Debug|Win32
		{C6FDBC2A-6657-4BEE-ACA1-0BB0B71DC466}.Release|x64.ActiveCfg = Release|x64
		{C6FDBC2A-6657-4BEE-ACA1-0BB0B71DC466}.Release|x64.Build.0 = Release|x64
		{C6FDBC2A-6657-4BEE-ACA1-0BB0B71DC466}.Release|x86.ActiveCfg = Release|Win32
		{C6FDBC2A-6657-4BEE-ACA1-0BB0B71DC466}.Release|x86.Build.0 = Release|Win32
		{8825AB7E-91A1-4027-90F2-FAE2CD254717}.Debug|x64.ActiveCfg = Debug|x64
		{8825AB7E-91A1-4027-90F2-FAE2CD254717}.Debug|x64.Build.0 = Debug|x64
		{8825AB7E-91A1-4027-90F2-FAE2CD254717}.Debug|x86.ActiveCfg = Debug|Win32
		{8825AB7E-91A1-4027-90F2-FAE2CD254717}.Debug|x86.Build.0 = Debug|Win32
		{8825AB7E-91A1-4027-90F2-FAE2CD254717}.Release|x64.ActiveCfg = Release|x64
		{8825AB7E-91A1-4027-90F2-FAE2CD254717}.Release|x64.Build.0 = Release|x64
		{8825AB7E-91A1-4027-90F2-FAE2CD254717}.Release|x86.ActiveCfg = Release|Win32
		{8825AB7E-91A1-4027-90F2-FAE2CD254717}.Release|x86.Build.0 = Release|Win32
		{2B54AF4D-4E6A-4F77-A084-39D05343A090}.Debug|x64.ActiveCfg = Debug|x64
		{2B54AF4D-4E6A-4F77-A084-39D05343A090}.Debug|x64.Build.0 = Debug|x64
		{2B54AF4D-4E6A-4F77-A084-39D05343A090}.Debug|x86.ActiveCfg = Debug|Win32
		{2B54AF4D-4E6A-4F77-A084-39D05343A090}.Debug|x86.Build.0 = Debug|Win32
		{2B54AF4D-4E6A-4F77-A084-39D05343A090}.Release|x64.ActiveCfg = Release|x64
		{2B54AF4D-4E6A-4F77-A084-39D05343A090}.Release|x64.Build.0 = Release|x64
		{2B54AF4D-4E6A-4F77-A084-39D05343A090}.Release|x86.ActiveCfg = Release|Win32
		{2B54AF4D-4E6A-4F77-A084-39D05343A090}.Release|x86.Build.0 = Release|Win32
		{74DCBBB7-F857-4FF5-B669-8AC90D774FF4}.Debug|x64.ActiveCfg = Debug|x64
		{74DCBBB7-F857-4FF5-B669-8AC90D774FF4}.Debug|x64.Build.0 = Debug|x64
		{74DCBBB7-F857-4FF5-B669-8AC90D774FF4}.Debug|x86.ActiveCfg = Debug|Win32
		{74DCBBB7-F857-4FF5-B669-8AC90D774FF4}.Debug|x86.Build.0 = Debug|Win32
		{74DCBBB7-F857-4FF5-B669-8AC90D774FF4}.Release|x64.ActiveCfg = Release|x64
		{74DCBBB7-F857-4FF5-B669-8AC90D774FF4}.Release|x64.Build.0 = Release|x64
		{74DCBBB7-F857-4FF5-B669-8AC90D774FF4}.Release|x86.ActiveCfg = Release|Win32
		{74DCBBB7-F857-4FF5-B669-8AC90D774FF4}.Release|x86.Build.0 = Release|Win32
		{D24B2F5C-333F-4548-985A-317537391620}.Debug|x64.ActiveCfg = Debug|x64
		{D24B2F5C-333F-4548-985A-317537391620}.Debug|x64.Build.0 = Debug|x64
		{D24B2F5C-333F-4548-985A-317537391620}.Debug|x86.ActiveCfg = Debug|Win32
		{D24B2F5C-333F-4548-985A-317537391620}.Debug|x86.Build.0 = Debug|Win32
		{D24B2F5C-333F-4548-985A-317537391620}.Release|x64.ActiveCfg = Release|x64
		{D24B2F5C-333F-4548-985A-317537391620}.Release|x64.Build.0 = Release|x64
		{D24B2F5C-333F-4548-985A-317537391620}.Release|x86.ActiveCfg = Release|Win32
		{D24B2F5C-333F-4548-985A-317537391620}.Release|x86.Build.0 = Release|Win32
		{8818D91E-40D3-4AEA-B3EC-7491B1C93266}.Debug|x64.ActiveCfg = Debug|x64
		{8818D91E-40D3-4AEA-B3EC-7491B1C93266}.Debug|x64.Build.0 = Debug|x64
		{8818D91E-40D3-4AEA-B3EC-7491B1C93266}.Debug|x86.ActiveCfg = Debug|Win32
		{8818D91E-40D3-4AEA-B3EC-7491B1C93266}.Debug|x86.Build.0 = Debug|Win32
		{8818D91E-40D3-4AEA-B3EC-7491B1C93266}.Release|x64.ActiveCfg = Release|x64
		{8818D91E-40D3-4AEA-B3EC-7491B1C93266}.Release|x64.Build.0 = Release|x64
		{8818D91E-40D3-4AEA-B3EC-7491B1C93266}.Release|x86.ActiveCfg = Release|Win32
		{8818D91E-40D3-4AEA-B3EC-7491B1C93266}.Release|x86.Build.0 = Release|Win32
		{7B430CEA-7178-4678-90E7-FBA85E3B7102}.Debug|x64.ActiveCfg = Debug|x64
		{7B430CEA-7178-4678-90E7-FBA85E3B7102}.Debug|x64.Build.0 = Debug|x64
		{7B430CEA-7178-4678-90E7-FBA85E3B7102}.Debug|x86.ActiveCfg = Debug|Win32
		{7B430CEA-7178-4678-90E7-FBA85E3B7102}.Debug|x86.Build.0 = Debug|Win32
		{7B430CEA-7178-4678-90E7-FBA85E3B7102}.Release|x64.ActiveCfg = Release|x64
		{7B430CEA-7178-4678-90E7-FBA85E3B7102}.Release|x64.Build.0 = Release|x64
		{7B430CEA-7178-4678-90E7-FBA85E3B7102}.Release|x86.ActiveCfg = Release|Win32
		{7B430CEA-7178-4678-90E7-FBA85E3B7102}.Release|x86.Build.0 = Release|Win32
	EndGlobalSection
	GlobalSection(SolutionProperties) = preSolution
		HideSolutionNode = FALSE
	EndGlobalSection
	GlobalSection(ExtensibilityGlobals) = postSolution
		SolutionGuid = {E609C9AD-C867-4679-86E1-281A6221566C}
	EndGlobalSection
EndGlobal
